// !$*UTF8*$!
{
	archiveVersion = 1;
	classes = {
	};
	objectVersion = 46;
	objects = {

/* Begin PBXAggregateTarget section */
		"JWT::JWTPackageTests::ProductTarget" /* JWTPackageTests */ = {
			isa = PBXAggregateTarget;
			buildConfigurationList = OBJ_450 /* Build configuration list for PBXAggregateTarget "JWTPackageTests" */;
			buildPhases = (
			);
			dependencies = (
				OBJ_453 /* PBXTargetDependency */,
			);
			name = JWTPackageTests;
			productName = JWTPackageTests;
		};
/* End PBXAggregateTarget section */

/* Begin PBXBuildFile section */
		OBJ_217 /* ClaimTests.swift in Sources */ = {isa = PBXBuildFile; fileRef = OBJ_43 /* ClaimTests.swift */; };
		OBJ_218 /* JWTTests.swift in Sources */ = {isa = PBXBuildFile; fileRef = OBJ_44 /* JWTTests.swift */; };
		OBJ_219 /* SignerTests.swift in Sources */ = {isa = PBXBuildFile; fileRef = OBJ_45 /* SignerTests.swift */; };
		OBJ_221 /* JWT.framework in Frameworks */ = {isa = PBXBuildFile; fileRef = "JWT::JWT::Product" /* JWT.framework */; };
		OBJ_222 /* JSON.framework in Frameworks */ = {isa = PBXBuildFile; fileRef = "JSON::JSON::Product" /* JSON.framework */; };
		OBJ_223 /* Node.framework in Frameworks */ = {isa = PBXBuildFile; fileRef = "Node::Node::Product" /* Node.framework */; };
		OBJ_224 /* PathIndexable.framework in Frameworks */ = {isa = PBXBuildFile; fileRef = "Node::PathIndexable::Product" /* PathIndexable.framework */; };
		OBJ_225 /* Core.framework in Frameworks */ = {isa = PBXBuildFile; fileRef = "Core::Core::Product" /* Core.framework */; };
		OBJ_226 /* Debugging.framework in Frameworks */ = {isa = PBXBuildFile; fileRef = "Debugging::Debugging::Product" /* Debugging.framework */; };
		OBJ_227 /* Bits.framework in Frameworks */ = {isa = PBXBuildFile; fileRef = "Bits::Bits::Product" /* Bits.framework */; };
		OBJ_228 /* libc.framework in Frameworks */ = {isa = PBXBuildFile; fileRef = "Core::libc::Product" /* libc.framework */; };
		OBJ_249 /* AudienceClaim.swift in Sources */ = {isa = PBXBuildFile; fileRef = OBJ_10 /* AudienceClaim.swift */; };
		OBJ_250 /* Claim.swift in Sources */ = {isa = PBXBuildFile; fileRef = OBJ_11 /* Claim.swift */; };
		OBJ_251 /* EqualityClaim.swift in Sources */ = {isa = PBXBuildFile; fileRef = OBJ_12 /* EqualityClaim.swift */; };
		OBJ_252 /* ExpirationTimeClaim.swift in Sources */ = {isa = PBXBuildFile; fileRef = OBJ_13 /* ExpirationTimeClaim.swift */; };
		OBJ_253 /* IssuedAtClaim.swift in Sources */ = {isa = PBXBuildFile; fileRef = OBJ_14 /* IssuedAtClaim.swift */; };
		OBJ_254 /* IssuerClaim.swift in Sources */ = {isa = PBXBuildFile; fileRef = OBJ_15 /* IssuerClaim.swift */; };
		OBJ_255 /* JWTIDClaim.swift in Sources */ = {isa = PBXBuildFile; fileRef = OBJ_16 /* JWTIDClaim.swift */; };
		OBJ_256 /* NotBeforeClaim.swift in Sources */ = {isa = PBXBuildFile; fileRef = OBJ_17 /* NotBeforeClaim.swift */; };
		OBJ_257 /* SubjectClaim.swift in Sources */ = {isa = PBXBuildFile; fileRef = OBJ_18 /* SubjectClaim.swift */; };
		OBJ_258 /* TimeBasedClaim.swift in Sources */ = {isa = PBXBuildFile; fileRef = OBJ_19 /* TimeBasedClaim.swift */; };
		OBJ_259 /* ClaimsVerifiable.swift in Sources */ = {isa = PBXBuildFile; fileRef = OBJ_20 /* ClaimsVerifiable.swift */; };
		OBJ_260 /* Exports.swift in Sources */ = {isa = PBXBuildFile; fileRef = OBJ_21 /* Exports.swift */; };
		OBJ_261 /* AlgorithmHeader.swift in Sources */ = {isa = PBXBuildFile; fileRef = OBJ_23 /* AlgorithmHeader.swift */; };
		OBJ_262 /* Header.swift in Sources */ = {isa = PBXBuildFile; fileRef = OBJ_24 /* Header.swift */; };
		OBJ_263 /* KeyIDHeader.swift in Sources */ = {isa = PBXBuildFile; fileRef = OBJ_25 /* KeyIDHeader.swift */; };
		OBJ_264 /* TypeHeader.swift in Sources */ = {isa = PBXBuildFile; fileRef = OBJ_26 /* TypeHeader.swift */; };
		OBJ_265 /* JWT.swift in Sources */ = {isa = PBXBuildFile; fileRef = OBJ_27 /* JWT.swift */; };
		OBJ_266 /* JWTError.swift in Sources */ = {isa = PBXBuildFile; fileRef = OBJ_28 /* JWTError.swift */; };
		OBJ_267 /* NodeFailableInitializable.swift in Sources */ = {isa = PBXBuildFile; fileRef = OBJ_29 /* NodeFailableInitializable.swift */; };
		OBJ_268 /* SecondsBacked.swift in Sources */ = {isa = PBXBuildFile; fileRef = OBJ_30 /* SecondsBacked.swift */; };
		OBJ_269 /* SignatureVerifiable.swift in Sources */ = {isa = PBXBuildFile; fileRef = OBJ_31 /* SignatureVerifiable.swift */; };
		OBJ_270 /* ECDSASigner.swift in Sources */ = {isa = PBXBuildFile; fileRef = OBJ_33 /* ECDSASigner.swift */; };
		OBJ_271 /* HMACSigner.swift in Sources */ = {isa = PBXBuildFile; fileRef = OBJ_34 /* HMACSigner.swift */; };
		OBJ_272 /* RSASigner+X509.swift in Sources */ = {isa = PBXBuildFile; fileRef = OBJ_35 /* RSASigner+X509.swift */; };
		OBJ_273 /* RSASigner.swift in Sources */ = {isa = PBXBuildFile; fileRef = OBJ_36 /* RSASigner.swift */; };
		OBJ_274 /* Signer.swift in Sources */ = {isa = PBXBuildFile; fileRef = OBJ_37 /* Signer.swift */; };
		OBJ_275 /* Unsigned.swift in Sources */ = {isa = PBXBuildFile; fileRef = OBJ_38 /* Unsigned.swift */; };
		OBJ_276 /* Storable.swift in Sources */ = {isa = PBXBuildFile; fileRef = OBJ_39 /* Storable.swift */; };
		OBJ_277 /* StringBacked.swift in Sources */ = {isa = PBXBuildFile; fileRef = OBJ_40 /* StringBacked.swift */; };
		OBJ_279 /* JSON.framework in Frameworks */ = {isa = PBXBuildFile; fileRef = "JSON::JSON::Product" /* JSON.framework */; };
		OBJ_280 /* Node.framework in Frameworks */ = {isa = PBXBuildFile; fileRef = "Node::Node::Product" /* Node.framework */; };
		OBJ_281 /* PathIndexable.framework in Frameworks */ = {isa = PBXBuildFile; fileRef = "Node::PathIndexable::Product" /* PathIndexable.framework */; };
		OBJ_282 /* Core.framework in Frameworks */ = {isa = PBXBuildFile; fileRef = "Core::Core::Product" /* Core.framework */; };
		OBJ_283 /* Debugging.framework in Frameworks */ = {isa = PBXBuildFile; fileRef = "Debugging::Debugging::Product" /* Debugging.framework */; };
		OBJ_284 /* Bits.framework in Frameworks */ = {isa = PBXBuildFile; fileRef = "Bits::Bits::Product" /* Bits.framework */; };
		OBJ_285 /* libc.framework in Frameworks */ = {isa = PBXBuildFile; fileRef = "Core::libc::Product" /* libc.framework */; };
		OBJ_307 /* Node.framework in Frameworks */ = {isa = PBXBuildFile; fileRef = "Node::Node::Product" /* Node.framework */; };
		OBJ_308 /* PathIndexable.framework in Frameworks */ = {isa = PBXBuildFile; fileRef = "Node::PathIndexable::Product" /* PathIndexable.framework */; };
		OBJ_309 /* Core.framework in Frameworks */ = {isa = PBXBuildFile; fileRef = "Core::Core::Product" /* Core.framework */; };
		OBJ_310 /* Debugging.framework in Frameworks */ = {isa = PBXBuildFile; fileRef = "Debugging::Debugging::Product" /* Debugging.framework */; };
		OBJ_311 /* Bits.framework in Frameworks */ = {isa = PBXBuildFile; fileRef = "Bits::Bits::Product" /* Bits.framework */; };
		OBJ_312 /* libc.framework in Frameworks */ = {isa = PBXBuildFile; fileRef = "Core::libc::Product" /* libc.framework */; };
		OBJ_362 /* Core.framework in Frameworks */ = {isa = PBXBuildFile; fileRef = "Core::Core::Product" /* Core.framework */; };
		OBJ_363 /* Debugging.framework in Frameworks */ = {isa = PBXBuildFile; fileRef = "Debugging::Debugging::Product" /* Debugging.framework */; };
		OBJ_364 /* libc.framework in Frameworks */ = {isa = PBXBuildFile; fileRef = "Core::libc::Product" /* libc.framework */; };
		OBJ_365 /* Bits.framework in Frameworks */ = {isa = PBXBuildFile; fileRef = "Bits::Bits::Product" /* Bits.framework */; };
		OBJ_366 /* PathIndexable.framework in Frameworks */ = {isa = PBXBuildFile; fileRef = "Node::PathIndexable::Product" /* PathIndexable.framework */; };
		OBJ_407 /* Debugging.framework in Frameworks */ = {isa = PBXBuildFile; fileRef = "Debugging::Debugging::Product" /* Debugging.framework */; };
		OBJ_408 /* Bits.framework in Frameworks */ = {isa = PBXBuildFile; fileRef = "Bits::Bits::Product" /* Bits.framework */; };
		OBJ_409 /* libc.framework in Frameworks */ = {isa = PBXBuildFile; fileRef = "Core::libc::Product" /* libc.framework */; };
/* End PBXBuildFile section */

/* Begin PBXContainerItemProxy section */
		0480A7E71F8517D400204C4F /* PBXContainerItemProxy */ = {
			isa = PBXContainerItemProxy;
			containerPortal = OBJ_1 /* Project object */;
			proxyType = 1;
			remoteGlobalIDString = "JSON::JSON";
			remoteInfo = JSON;
		};
		0480A7E81F8517D400204C4F /* PBXContainerItemProxy */ = {
			isa = PBXContainerItemProxy;
			containerPortal = OBJ_1 /* Project object */;
			proxyType = 1;
			remoteGlobalIDString = "Node::Node";
			remoteInfo = Node;
		};
		0480A7E91F8517D400204C4F /* PBXContainerItemProxy */ = {
			isa = PBXContainerItemProxy;
			containerPortal = OBJ_1 /* Project object */;
			proxyType = 1;
			remoteGlobalIDString = "Core::Core";
			remoteInfo = Core;
		};
		0480A7EA1F8517D400204C4F /* PBXContainerItemProxy */ = {
			isa = PBXContainerItemProxy;
			containerPortal = OBJ_1 /* Project object */;
			proxyType = 1;
			remoteGlobalIDString = "Debugging::Debugging";
			remoteInfo = Debugging;
		};
		0480A7EB1F8517D400204C4F /* PBXContainerItemProxy */ = {
			isa = PBXContainerItemProxy;
			containerPortal = OBJ_1 /* Project object */;
			proxyType = 1;
			remoteGlobalIDString = "Bits::Bits";
			remoteInfo = Bits;
		};
		0480A7EC1F8517D400204C4F /* PBXContainerItemProxy */ = {
			isa = PBXContainerItemProxy;
			containerPortal = OBJ_1 /* Project object */;
			proxyType = 1;
			remoteGlobalIDString = "Core::libc";
			remoteInfo = libc;
		};
		0480A7ED1F8517D400204C4F /* PBXContainerItemProxy */ = {
			isa = PBXContainerItemProxy;
			containerPortal = OBJ_1 /* Project object */;
			proxyType = 1;
			remoteGlobalIDString = "Debugging::Debugging";
			remoteInfo = Debugging;
		};
		0480A7EE1F8517D400204C4F /* PBXContainerItemProxy */ = {
			isa = PBXContainerItemProxy;
			containerPortal = OBJ_1 /* Project object */;
			proxyType = 1;
			remoteGlobalIDString = "Core::libc";
			remoteInfo = libc;
		};
		0480A7EF1F8517D400204C4F /* PBXContainerItemProxy */ = {
			isa = PBXContainerItemProxy;
			containerPortal = OBJ_1 /* Project object */;
			proxyType = 1;
			remoteGlobalIDString = "Bits::Bits";
			remoteInfo = Bits;
		};
		0480A7F01F8517D400204C4F /* PBXContainerItemProxy */ = {
			isa = PBXContainerItemProxy;
			containerPortal = OBJ_1 /* Project object */;
			proxyType = 1;
			remoteGlobalIDString = "Node::PathIndexable";
			remoteInfo = PathIndexable;
		};
		0480A7F11F8517D400204C4F /* PBXContainerItemProxy */ = {
			isa = PBXContainerItemProxy;
			containerPortal = OBJ_1 /* Project object */;
			proxyType = 1;
			remoteGlobalIDString = "Node::PathIndexable";
			remoteInfo = PathIndexable;
		};
		0480A7F21F8517D400204C4F /* PBXContainerItemProxy */ = {
			isa = PBXContainerItemProxy;
			containerPortal = OBJ_1 /* Project object */;
			proxyType = 1;
			remoteGlobalIDString = "Core::Core";
			remoteInfo = Core;
		};
		0480A7F31F8517D400204C4F /* PBXContainerItemProxy */ = {
			isa = PBXContainerItemProxy;
			containerPortal = OBJ_1 /* Project object */;
			proxyType = 1;
			remoteGlobalIDString = "Debugging::Debugging";
			remoteInfo = Debugging;
		};
		0480A7F41F8517D400204C4F /* PBXContainerItemProxy */ = {
			isa = PBXContainerItemProxy;
			containerPortal = OBJ_1 /* Project object */;
			proxyType = 1;
			remoteGlobalIDString = "Bits::Bits";
			remoteInfo = Bits;
		};
		0480A7F51F8517D400204C4F /* PBXContainerItemProxy */ = {
			isa = PBXContainerItemProxy;
			containerPortal = OBJ_1 /* Project object */;
			proxyType = 1;
			remoteGlobalIDString = "Core::libc";
			remoteInfo = libc;
		};
		0480A7F61F8517D400204C4F /* PBXContainerItemProxy */ = {
			isa = PBXContainerItemProxy;
			containerPortal = OBJ_1 /* Project object */;
			proxyType = 1;
			remoteGlobalIDString = "Node::Node";
			remoteInfo = Node;
		};
		0480A7F71F8517D400204C4F /* PBXContainerItemProxy */ = {
			isa = PBXContainerItemProxy;
			containerPortal = OBJ_1 /* Project object */;
			proxyType = 1;
			remoteGlobalIDString = "Node::PathIndexable";
			remoteInfo = PathIndexable;
		};
		0480A7F81F8517D400204C4F /* PBXContainerItemProxy */ = {
			isa = PBXContainerItemProxy;
			containerPortal = OBJ_1 /* Project object */;
			proxyType = 1;
			remoteGlobalIDString = "Core::Core";
			remoteInfo = Core;
		};
		0480A7F91F8517D400204C4F /* PBXContainerItemProxy */ = {
			isa = PBXContainerItemProxy;
			containerPortal = OBJ_1 /* Project object */;
			proxyType = 1;
			remoteGlobalIDString = "Debugging::Debugging";
			remoteInfo = Debugging;
		};
		0480A7FA1F8517D400204C4F /* PBXContainerItemProxy */ = {
			isa = PBXContainerItemProxy;
			containerPortal = OBJ_1 /* Project object */;
			proxyType = 1;
			remoteGlobalIDString = "Bits::Bits";
			remoteInfo = Bits;
		};
		0480A7FB1F8517D400204C4F /* PBXContainerItemProxy */ = {
			isa = PBXContainerItemProxy;
			containerPortal = OBJ_1 /* Project object */;
			proxyType = 1;
			remoteGlobalIDString = "Core::libc";
			remoteInfo = libc;
		};
		0480A7FC1F8517D400204C4F /* PBXContainerItemProxy */ = {
			isa = PBXContainerItemProxy;
			containerPortal = OBJ_1 /* Project object */;
			proxyType = 1;
			remoteGlobalIDString = "JWT::JWT";
			remoteInfo = JWT;
		};
		0480A7FD1F8517D400204C4F /* PBXContainerItemProxy */ = {
			isa = PBXContainerItemProxy;
			containerPortal = OBJ_1 /* Project object */;
			proxyType = 1;
			remoteGlobalIDString = "JSON::JSON";
			remoteInfo = JSON;
		};
		0480A7FE1F8517D400204C4F /* PBXContainerItemProxy */ = {
			isa = PBXContainerItemProxy;
			containerPortal = OBJ_1 /* Project object */;
			proxyType = 1;
			remoteGlobalIDString = "Node::Node";
			remoteInfo = Node;
		};
		0480A7FF1F8517D400204C4F /* PBXContainerItemProxy */ = {
			isa = PBXContainerItemProxy;
			containerPortal = OBJ_1 /* Project object */;
			proxyType = 1;
			remoteGlobalIDString = "Node::PathIndexable";
			remoteInfo = PathIndexable;
		};
		0480A8001F8517D400204C4F /* PBXContainerItemProxy */ = {
			isa = PBXContainerItemProxy;
			containerPortal = OBJ_1 /* Project object */;
			proxyType = 1;
			remoteGlobalIDString = "Core::Core";
			remoteInfo = Core;
		};
		0480A8011F8517D400204C4F /* PBXContainerItemProxy */ = {
			isa = PBXContainerItemProxy;
			containerPortal = OBJ_1 /* Project object */;
			proxyType = 1;
			remoteGlobalIDString = "Debugging::Debugging";
			remoteInfo = Debugging;
		};
		0480A8021F8517D400204C4F /* PBXContainerItemProxy */ = {
			isa = PBXContainerItemProxy;
			containerPortal = OBJ_1 /* Project object */;
			proxyType = 1;
			remoteGlobalIDString = "Bits::Bits";
			remoteInfo = Bits;
		};
		0480A8031F8517D400204C4F /* PBXContainerItemProxy */ = {
			isa = PBXContainerItemProxy;
			containerPortal = OBJ_1 /* Project object */;
			proxyType = 1;
			remoteGlobalIDString = "Core::libc";
			remoteInfo = libc;
		};
		0480A8041F8517D500204C4F /* PBXContainerItemProxy */ = {
			isa = PBXContainerItemProxy;
			containerPortal = OBJ_1 /* Project object */;
			proxyType = 1;
			remoteGlobalIDString = "JWT::JWTTests";
			remoteInfo = JWTTests;
		};
/* End PBXContainerItemProxy section */

/* Begin PBXFileReference section */
		0480A8051F8518CD00204C4F /* Cartfile */ = {isa = PBXFileReference; fileEncoding = 4; lastKnownFileType = text; path = Cartfile; sourceTree = "<group>"; };
		"Bits::Bits::Product" /* Bits.framework */ = {isa = PBXFileReference; explicitFileType = wrapper.framework; path = Bits.framework; sourceTree = BUILT_PRODUCTS_DIR; };
		"Core::Core::Product" /* Core.framework */ = {isa = PBXFileReference; explicitFileType = wrapper.framework; path = Core.framework; sourceTree = BUILT_PRODUCTS_DIR; };
		"Core::libc::Product" /* libc.framework */ = {isa = PBXFileReference; explicitFileType = wrapper.framework; path = libc.framework; sourceTree = BUILT_PRODUCTS_DIR; };
		"Debugging::Debugging::Product" /* Debugging.framework */ = {isa = PBXFileReference; explicitFileType = wrapper.framework; path = Debugging.framework; sourceTree = BUILT_PRODUCTS_DIR; };
		"JSON::JSON::Product" /* JSON.framework */ = {isa = PBXFileReference; explicitFileType = wrapper.framework; path = JSON.framework; sourceTree = BUILT_PRODUCTS_DIR; };
		"JWT::JWT::Product" /* JWT.framework */ = {isa = PBXFileReference; explicitFileType = wrapper.framework; path = JWT.framework; sourceTree = BUILT_PRODUCTS_DIR; };
		"JWT::JWTTests::Product" /* JWTTests.xctest */ = {isa = PBXFileReference; explicitFileType = wrapper.cfbundle; path = JWTTests.xctest; sourceTree = BUILT_PRODUCTS_DIR; };
		"Node::Node::Product" /* Node.framework */ = {isa = PBXFileReference; explicitFileType = wrapper.framework; path = Node.framework; sourceTree = BUILT_PRODUCTS_DIR; };
		"Node::PathIndexable::Product" /* PathIndexable.framework */ = {isa = PBXFileReference; explicitFileType = wrapper.framework; path = PathIndexable.framework; sourceTree = BUILT_PRODUCTS_DIR; };
		OBJ_10 /* AudienceClaim.swift */ = {isa = PBXFileReference; lastKnownFileType = sourcecode.swift; path = AudienceClaim.swift; sourceTree = "<group>"; };
		OBJ_11 /* Claim.swift */ = {isa = PBXFileReference; lastKnownFileType = sourcecode.swift; path = Claim.swift; sourceTree = "<group>"; };
		OBJ_12 /* EqualityClaim.swift */ = {isa = PBXFileReference; lastKnownFileType = sourcecode.swift; path = EqualityClaim.swift; sourceTree = "<group>"; };
		OBJ_13 /* ExpirationTimeClaim.swift */ = {isa = PBXFileReference; lastKnownFileType = sourcecode.swift; path = ExpirationTimeClaim.swift; sourceTree = "<group>"; };
		OBJ_14 /* IssuedAtClaim.swift */ = {isa = PBXFileReference; lastKnownFileType = sourcecode.swift; path = IssuedAtClaim.swift; sourceTree = "<group>"; };
		OBJ_15 /* IssuerClaim.swift */ = {isa = PBXFileReference; lastKnownFileType = sourcecode.swift; path = IssuerClaim.swift; sourceTree = "<group>"; };
		OBJ_16 /* JWTIDClaim.swift */ = {isa = PBXFileReference; lastKnownFileType = sourcecode.swift; path = JWTIDClaim.swift; sourceTree = "<group>"; };
		OBJ_17 /* NotBeforeClaim.swift */ = {isa = PBXFileReference; lastKnownFileType = sourcecode.swift; path = NotBeforeClaim.swift; sourceTree = "<group>"; };
		OBJ_18 /* SubjectClaim.swift */ = {isa = PBXFileReference; lastKnownFileType = sourcecode.swift; path = SubjectClaim.swift; sourceTree = "<group>"; };
		OBJ_19 /* TimeBasedClaim.swift */ = {isa = PBXFileReference; lastKnownFileType = sourcecode.swift; path = TimeBasedClaim.swift; sourceTree = "<group>"; };
		OBJ_20 /* ClaimsVerifiable.swift */ = {isa = PBXFileReference; lastKnownFileType = sourcecode.swift; path = ClaimsVerifiable.swift; sourceTree = "<group>"; };
		OBJ_21 /* Exports.swift */ = {isa = PBXFileReference; lastKnownFileType = sourcecode.swift; path = Exports.swift; sourceTree = "<group>"; };
		OBJ_23 /* AlgorithmHeader.swift */ = {isa = PBXFileReference; lastKnownFileType = sourcecode.swift; path = AlgorithmHeader.swift; sourceTree = "<group>"; };
		OBJ_24 /* Header.swift */ = {isa = PBXFileReference; lastKnownFileType = sourcecode.swift; path = Header.swift; sourceTree = "<group>"; };
		OBJ_25 /* KeyIDHeader.swift */ = {isa = PBXFileReference; lastKnownFileType = sourcecode.swift; path = KeyIDHeader.swift; sourceTree = "<group>"; };
		OBJ_26 /* TypeHeader.swift */ = {isa = PBXFileReference; lastKnownFileType = sourcecode.swift; path = TypeHeader.swift; sourceTree = "<group>"; };
		OBJ_27 /* JWT.swift */ = {isa = PBXFileReference; lastKnownFileType = sourcecode.swift; path = JWT.swift; sourceTree = "<group>"; };
		OBJ_28 /* JWTError.swift */ = {isa = PBXFileReference; lastKnownFileType = sourcecode.swift; path = JWTError.swift; sourceTree = "<group>"; };
		OBJ_29 /* NodeFailableInitializable.swift */ = {isa = PBXFileReference; lastKnownFileType = sourcecode.swift; path = NodeFailableInitializable.swift; sourceTree = "<group>"; };
		OBJ_30 /* SecondsBacked.swift */ = {isa = PBXFileReference; lastKnownFileType = sourcecode.swift; path = SecondsBacked.swift; sourceTree = "<group>"; };
		OBJ_31 /* SignatureVerifiable.swift */ = {isa = PBXFileReference; lastKnownFileType = sourcecode.swift; path = SignatureVerifiable.swift; sourceTree = "<group>"; };
		OBJ_33 /* ECDSASigner.swift */ = {isa = PBXFileReference; lastKnownFileType = sourcecode.swift; path = ECDSASigner.swift; sourceTree = "<group>"; };
		OBJ_34 /* HMACSigner.swift */ = {isa = PBXFileReference; lastKnownFileType = sourcecode.swift; path = HMACSigner.swift; sourceTree = "<group>"; };
		OBJ_35 /* RSASigner+X509.swift */ = {isa = PBXFileReference; lastKnownFileType = sourcecode.swift; path = "RSASigner+X509.swift"; sourceTree = "<group>"; };
		OBJ_36 /* RSASigner.swift */ = {isa = PBXFileReference; lastKnownFileType = sourcecode.swift; path = RSASigner.swift; sourceTree = "<group>"; };
		OBJ_37 /* Signer.swift */ = {isa = PBXFileReference; lastKnownFileType = sourcecode.swift; path = Signer.swift; sourceTree = "<group>"; };
		OBJ_38 /* Unsigned.swift */ = {isa = PBXFileReference; lastKnownFileType = sourcecode.swift; path = Unsigned.swift; sourceTree = "<group>"; };
		OBJ_39 /* Storable.swift */ = {isa = PBXFileReference; lastKnownFileType = sourcecode.swift; path = Storable.swift; sourceTree = "<group>"; };
		OBJ_40 /* StringBacked.swift */ = {isa = PBXFileReference; lastKnownFileType = sourcecode.swift; path = StringBacked.swift; sourceTree = "<group>"; };
		OBJ_43 /* ClaimTests.swift */ = {isa = PBXFileReference; lastKnownFileType = sourcecode.swift; path = ClaimTests.swift; sourceTree = "<group>"; };
		OBJ_44 /* JWTTests.swift */ = {isa = PBXFileReference; lastKnownFileType = sourcecode.swift; path = JWTTests.swift; sourceTree = "<group>"; };
		OBJ_45 /* SignerTests.swift */ = {isa = PBXFileReference; lastKnownFileType = sourcecode.swift; path = SignerTests.swift; sourceTree = "<group>"; };
		OBJ_46 /* Playground */ = {isa = PBXFileReference; lastKnownFileType = folder; path = Playground; sourceTree = SOURCE_ROOT; };
/* End PBXFileReference section */

/* Begin PBXFrameworksBuildPhase section */
		OBJ_220 /* Frameworks */ = {
			isa = PBXFrameworksBuildPhase;
			buildActionMask = 0;
			files = (
				OBJ_221 /* JWT.framework in Frameworks */,
				OBJ_222 /* JSON.framework in Frameworks */,
				OBJ_223 /* Node.framework in Frameworks */,
				OBJ_224 /* PathIndexable.framework in Frameworks */,
				OBJ_225 /* Core.framework in Frameworks */,
				OBJ_226 /* Debugging.framework in Frameworks */,
				OBJ_227 /* Bits.framework in Frameworks */,
				OBJ_228 /* libc.framework in Frameworks */,
			);
			runOnlyForDeploymentPostprocessing = 0;
		};
		OBJ_278 /* Frameworks */ = {
			isa = PBXFrameworksBuildPhase;
			buildActionMask = 0;
			files = (
				OBJ_279 /* JSON.framework in Frameworks */,
				OBJ_280 /* Node.framework in Frameworks */,
				OBJ_281 /* PathIndexable.framework in Frameworks */,
				OBJ_282 /* Core.framework in Frameworks */,
				OBJ_283 /* Debugging.framework in Frameworks */,
				OBJ_284 /* Bits.framework in Frameworks */,
				OBJ_285 /* libc.framework in Frameworks */,
			);
			runOnlyForDeploymentPostprocessing = 0;
		};
		OBJ_306 /* Frameworks */ = {
			isa = PBXFrameworksBuildPhase;
			buildActionMask = 0;
			files = (
				OBJ_307 /* Node.framework in Frameworks */,
				OBJ_308 /* PathIndexable.framework in Frameworks */,
				OBJ_309 /* Core.framework in Frameworks */,
				OBJ_310 /* Debugging.framework in Frameworks */,
				OBJ_311 /* Bits.framework in Frameworks */,
				OBJ_312 /* libc.framework in Frameworks */,
			);
			runOnlyForDeploymentPostprocessing = 0;
		};
		OBJ_361 /* Frameworks */ = {
			isa = PBXFrameworksBuildPhase;
			buildActionMask = 0;
			files = (
				OBJ_362 /* Core.framework in Frameworks */,
				OBJ_363 /* Debugging.framework in Frameworks */,
				OBJ_364 /* libc.framework in Frameworks */,
				OBJ_365 /* Bits.framework in Frameworks */,
				OBJ_366 /* PathIndexable.framework in Frameworks */,
			);
			runOnlyForDeploymentPostprocessing = 0;
		};
		OBJ_378 /* Frameworks */ = {
			isa = PBXFrameworksBuildPhase;
			buildActionMask = 0;
			files = (
			);
			runOnlyForDeploymentPostprocessing = 0;
		};
		OBJ_406 /* Frameworks */ = {
			isa = PBXFrameworksBuildPhase;
			buildActionMask = 0;
			files = (
				OBJ_407 /* Debugging.framework in Frameworks */,
				OBJ_408 /* Bits.framework in Frameworks */,
				OBJ_409 /* libc.framework in Frameworks */,
			);
			runOnlyForDeploymentPostprocessing = 0;
		};
		OBJ_418 /* Frameworks */ = {
			isa = PBXFrameworksBuildPhase;
			buildActionMask = 0;
			files = (
			);
			runOnlyForDeploymentPostprocessing = 0;
		};
		OBJ_442 /* Frameworks */ = {
			isa = PBXFrameworksBuildPhase;
			buildActionMask = 0;
			files = (
			);
			runOnlyForDeploymentPostprocessing = 0;
		};
		OBJ_448 /* Frameworks */ = {
			isa = PBXFrameworksBuildPhase;
			buildActionMask = 0;
			files = (
			);
			runOnlyForDeploymentPostprocessing = 0;
		};
/* End PBXFrameworksBuildPhase section */

/* Begin PBXGroup section */
		OBJ_166 /* Products */ = {
			isa = PBXGroup;
			children = (
				"JWT::JWTTests::Product" /* JWTTests.xctest */,
				"JWT::JWT::Product" /* JWT.framework */,
				"JSON::JSON::Product" /* JSON.framework */,
				"Node::Node::Product" /* Node.framework */,
				"Node::PathIndexable::Product" /* PathIndexable.framework */,
				"Core::Core::Product" /* Core.framework */,
				"Debugging::Debugging::Product" /* Debugging.framework */,
				"Bits::Bits::Product" /* Bits.framework */,
				"Core::libc::Product" /* libc.framework */,
			);
			name = Products;
			sourceTree = BUILT_PRODUCTS_DIR;
		};
		OBJ_22 /* Headers */ = {
			isa = PBXGroup;
			children = (
				OBJ_23 /* AlgorithmHeader.swift */,
				OBJ_24 /* Header.swift */,
				OBJ_25 /* KeyIDHeader.swift */,
				OBJ_26 /* TypeHeader.swift */,
			);
			path = Headers;
			sourceTree = "<group>";
		};
		OBJ_32 /* Signers */ = {
			isa = PBXGroup;
			children = (
				OBJ_33 /* ECDSASigner.swift */,
				OBJ_34 /* HMACSigner.swift */,
				OBJ_35 /* RSASigner+X509.swift */,
				OBJ_36 /* RSASigner.swift */,
				OBJ_37 /* Signer.swift */,
				OBJ_38 /* Unsigned.swift */,
			);
			path = Signers;
			sourceTree = "<group>";
		};
		OBJ_41 /* Tests */ = {
			isa = PBXGroup;
			children = (
				OBJ_42 /* JWTTests */,
			);
			name = Tests;
			sourceTree = SOURCE_ROOT;
		};
		OBJ_42 /* JWTTests */ = {
			isa = PBXGroup;
			children = (
				OBJ_43 /* ClaimTests.swift */,
				OBJ_44 /* JWTTests.swift */,
				OBJ_45 /* SignerTests.swift */,
			);
			name = JWTTests;
			path = Tests/JWTTests;
			sourceTree = SOURCE_ROOT;
		};
		OBJ_5 /*  */ = {
			isa = PBXGroup;
			children = (
				0480A8051F8518CD00204C4F /* Cartfile */,
				OBJ_7 /* Sources */,
				OBJ_41 /* Tests */,
				OBJ_46 /* Playground */,
				OBJ_166 /* Products */,
			);
			name = "";
			sourceTree = "<group>";
		};
		OBJ_7 /* Sources */ = {
			isa = PBXGroup;
			children = (
				OBJ_8 /* JWT */,
			);
			name = Sources;
			sourceTree = SOURCE_ROOT;
		};
		OBJ_8 /* JWT */ = {
			isa = PBXGroup;
			children = (
				OBJ_9 /* Claims */,
				OBJ_20 /* ClaimsVerifiable.swift */,
				OBJ_21 /* Exports.swift */,
				OBJ_22 /* Headers */,
				OBJ_27 /* JWT.swift */,
				OBJ_28 /* JWTError.swift */,
				OBJ_29 /* NodeFailableInitializable.swift */,
				OBJ_30 /* SecondsBacked.swift */,
				OBJ_31 /* SignatureVerifiable.swift */,
				OBJ_32 /* Signers */,
				OBJ_39 /* Storable.swift */,
				OBJ_40 /* StringBacked.swift */,
			);
			name = JWT;
			path = Sources/JWT;
			sourceTree = SOURCE_ROOT;
		};
		OBJ_9 /* Claims */ = {
			isa = PBXGroup;
			children = (
				OBJ_10 /* AudienceClaim.swift */,
				OBJ_11 /* Claim.swift */,
				OBJ_12 /* EqualityClaim.swift */,
				OBJ_13 /* ExpirationTimeClaim.swift */,
				OBJ_14 /* IssuedAtClaim.swift */,
				OBJ_15 /* IssuerClaim.swift */,
				OBJ_16 /* JWTIDClaim.swift */,
				OBJ_17 /* NotBeforeClaim.swift */,
				OBJ_18 /* SubjectClaim.swift */,
				OBJ_19 /* TimeBasedClaim.swift */,
			);
			path = Claims;
			sourceTree = "<group>";
		};
/* End PBXGroup section */

/* Begin PBXNativeTarget section */
		"Bits::Bits" /* Bits */ = {
			isa = PBXNativeTarget;
			buildConfigurationList = OBJ_419 /* Build configuration list for PBXNativeTarget "Bits" */;
			buildPhases = (
				OBJ_422 /* Sources */,
				OBJ_442 /* Frameworks */,
			);
			buildRules = (
			);
			dependencies = (
			);
			name = Bits;
			productName = Bits;
			productReference = "Bits::Bits::Product" /* Bits.framework */;
			productType = "com.apple.product-type.framework";
		};
		"Bits::SwiftPMPackageDescription" /* BitsPackageDescription */ = {
			isa = PBXNativeTarget;
			buildConfigurationList = OBJ_207 /* Build configuration list for PBXNativeTarget "BitsPackageDescription" */;
			buildPhases = (
				OBJ_210 /* Sources */,
			);
			buildRules = (
			);
			dependencies = (
			);
			name = BitsPackageDescription;
			productName = BitsPackageDescription;
			productType = "com.apple.product-type.framework";
		};
		"Core::Core" /* Core */ = {
			isa = PBXNativeTarget;
			buildConfigurationList = OBJ_379 /* Build configuration list for PBXNativeTarget "Core" */;
			buildPhases = (
				OBJ_382 /* Sources */,
				OBJ_406 /* Frameworks */,
			);
			buildRules = (
			);
			dependencies = (
				OBJ_410 /* PBXTargetDependency */,
				OBJ_411 /* PBXTargetDependency */,
				OBJ_412 /* PBXTargetDependency */,
			);
			name = Core;
			productName = Core;
			productReference = "Core::Core::Product" /* Core.framework */;
			productType = "com.apple.product-type.framework";
		};
		"Core::SwiftPMPackageDescription" /* CorePackageDescription */ = {
			isa = PBXNativeTarget;
			buildConfigurationList = OBJ_195 /* Build configuration list for PBXNativeTarget "CorePackageDescription" */;
			buildPhases = (
				OBJ_198 /* Sources */,
			);
			buildRules = (
			);
			dependencies = (
			);
			name = CorePackageDescription;
			productName = CorePackageDescription;
			productType = "com.apple.product-type.framework";
		};
		"Core::libc" /* libc */ = {
			isa = PBXNativeTarget;
			buildConfigurationList = OBJ_443 /* Build configuration list for PBXNativeTarget "libc" */;
			buildPhases = (
				OBJ_446 /* Sources */,
				OBJ_448 /* Frameworks */,
			);
			buildRules = (
			);
			dependencies = (
			);
			name = libc;
			productName = libc;
			productReference = "Core::libc::Product" /* libc.framework */;
			productType = "com.apple.product-type.framework";
		};
		"Debugging::Debugging" /* Debugging */ = {
			isa = PBXNativeTarget;
			buildConfigurationList = OBJ_413 /* Build configuration list for PBXNativeTarget "Debugging" */;
			buildPhases = (
				OBJ_416 /* Sources */,
				OBJ_418 /* Frameworks */,
			);
			buildRules = (
			);
			dependencies = (
			);
			name = Debugging;
			productName = Debugging;
			productReference = "Debugging::Debugging::Product" /* Debugging.framework */;
			productType = "com.apple.product-type.framework";
		};
		"Debugging::SwiftPMPackageDescription" /* DebuggingPackageDescription */ = {
			isa = PBXNativeTarget;
			buildConfigurationList = OBJ_201 /* Build configuration list for PBXNativeTarget "DebuggingPackageDescription" */;
			buildPhases = (
				OBJ_204 /* Sources */,
			);
			buildRules = (
			);
			dependencies = (
			);
			name = DebuggingPackageDescription;
			productName = DebuggingPackageDescription;
			productType = "com.apple.product-type.framework";
		};
		"JSON::JSON" /* JSON */ = {
			isa = PBXNativeTarget;
			buildConfigurationList = OBJ_293 /* Build configuration list for PBXNativeTarget "JSON" */;
			buildPhases = (
				OBJ_296 /* Sources */,
				OBJ_306 /* Frameworks */,
			);
			buildRules = (
			);
			dependencies = (
				OBJ_313 /* PBXTargetDependency */,
				OBJ_314 /* PBXTargetDependency */,
				OBJ_315 /* PBXTargetDependency */,
				OBJ_316 /* PBXTargetDependency */,
				OBJ_317 /* PBXTargetDependency */,
				OBJ_318 /* PBXTargetDependency */,
			);
			name = JSON;
			productName = JSON;
			productReference = "JSON::JSON::Product" /* JSON.framework */;
			productType = "com.apple.product-type.framework";
		};
		"JSON::SwiftPMPackageDescription" /* JSONPackageDescription */ = {
			isa = PBXNativeTarget;
			buildConfigurationList = OBJ_183 /* Build configuration list for PBXNativeTarget "JSONPackageDescription" */;
			buildPhases = (
				OBJ_186 /* Sources */,
			);
			buildRules = (
			);
			dependencies = (
			);
			name = JSONPackageDescription;
			productName = JSONPackageDescription;
			productType = "com.apple.product-type.framework";
		};
		"JWT::JWT" /* JWT */ = {
			isa = PBXNativeTarget;
			buildConfigurationList = OBJ_245 /* Build configuration list for PBXNativeTarget "JWT" */;
			buildPhases = (
				OBJ_248 /* Sources */,
				OBJ_278 /* Frameworks */,
			);
			buildRules = (
			);
			dependencies = (
				OBJ_286 /* PBXTargetDependency */,
				OBJ_287 /* PBXTargetDependency */,
				OBJ_288 /* PBXTargetDependency */,
				OBJ_289 /* PBXTargetDependency */,
				OBJ_290 /* PBXTargetDependency */,
				OBJ_291 /* PBXTargetDependency */,
				OBJ_292 /* PBXTargetDependency */,
			);
			name = JWT;
			productName = JWT;
			productReference = "JWT::JWT::Product" /* JWT.framework */;
			productType = "com.apple.product-type.framework";
		};
		"JWT::JWTTests" /* JWTTests */ = {
			isa = PBXNativeTarget;
			buildConfigurationList = OBJ_213 /* Build configuration list for PBXNativeTarget "JWTTests" */;
			buildPhases = (
				OBJ_216 /* Sources */,
				OBJ_220 /* Frameworks */,
			);
			buildRules = (
			);
			dependencies = (
				OBJ_229 /* PBXTargetDependency */,
				OBJ_231 /* PBXTargetDependency */,
				OBJ_233 /* PBXTargetDependency */,
				OBJ_235 /* PBXTargetDependency */,
				OBJ_237 /* PBXTargetDependency */,
				OBJ_239 /* PBXTargetDependency */,
				OBJ_241 /* PBXTargetDependency */,
				OBJ_243 /* PBXTargetDependency */,
			);
			name = JWTTests;
			productName = JWTTests;
			productReference = "JWT::JWTTests::Product" /* JWTTests.xctest */;
			productType = "com.apple.product-type.bundle.unit-test";
		};
		"JWT::SwiftPMPackageDescription" /* JWTPackageDescription */ = {
			isa = PBXNativeTarget;
			buildConfigurationList = OBJ_177 /* Build configuration list for PBXNativeTarget "JWTPackageDescription" */;
			buildPhases = (
				OBJ_180 /* Sources */,
			);
			buildRules = (
			);
			dependencies = (
			);
			name = JWTPackageDescription;
			productName = JWTPackageDescription;
			productType = "com.apple.product-type.framework";
		};
		"Node::Node" /* Node */ = {
			isa = PBXNativeTarget;
			buildConfigurationList = OBJ_319 /* Build configuration list for PBXNativeTarget "Node" */;
			buildPhases = (
				OBJ_322 /* Sources */,
				OBJ_361 /* Frameworks */,
			);
			buildRules = (
			);
			dependencies = (
				OBJ_367 /* PBXTargetDependency */,
				OBJ_368 /* PBXTargetDependency */,
				OBJ_369 /* PBXTargetDependency */,
				OBJ_370 /* PBXTargetDependency */,
				OBJ_371 /* PBXTargetDependency */,
			);
			name = Node;
			productName = Node;
			productReference = "Node::Node::Product" /* Node.framework */;
			productType = "com.apple.product-type.framework";
		};
		"Node::PathIndexable" /* PathIndexable */ = {
			isa = PBXNativeTarget;
			buildConfigurationList = OBJ_372 /* Build configuration list for PBXNativeTarget "PathIndexable" */;
			buildPhases = (
				OBJ_375 /* Sources */,
				OBJ_378 /* Frameworks */,
			);
			buildRules = (
			);
			dependencies = (
			);
			name = PathIndexable;
			productName = PathIndexable;
			productReference = "Node::PathIndexable::Product" /* PathIndexable.framework */;
			productType = "com.apple.product-type.framework";
		};
		"Node::SwiftPMPackageDescription" /* NodePackageDescription */ = {
			isa = PBXNativeTarget;
			buildConfigurationList = OBJ_189 /* Build configuration list for PBXNativeTarget "NodePackageDescription" */;
			buildPhases = (
				OBJ_192 /* Sources */,
			);
			buildRules = (
			);
			dependencies = (
			);
			name = NodePackageDescription;
			productName = NodePackageDescription;
			productType = "com.apple.product-type.framework";
		};
/* End PBXNativeTarget section */

/* Begin PBXProject section */
		OBJ_1 /* Project object */ = {
			isa = PBXProject;
			attributes = {
				LastUpgradeCheck = 9999;
			};
			buildConfigurationList = OBJ_2 /* Build configuration list for PBXProject "jwt" */;
			compatibilityVersion = "Xcode 3.2";
			developmentRegion = English;
			hasScannedForEncodings = 0;
			knownRegions = (
				en,
			);
			mainGroup = OBJ_5 /*  */;
			productRefGroup = OBJ_166 /* Products */;
			projectDirPath = "";
			projectRoot = "";
			targets = (
				"JWT::SwiftPMPackageDescription" /* JWTPackageDescription */,
				"JSON::SwiftPMPackageDescription" /* JSONPackageDescription */,
				"Node::SwiftPMPackageDescription" /* NodePackageDescription */,
				"Core::SwiftPMPackageDescription" /* CorePackageDescription */,
				"Debugging::SwiftPMPackageDescription" /* DebuggingPackageDescription */,
				"Bits::SwiftPMPackageDescription" /* BitsPackageDescription */,
				"JWT::JWTTests" /* JWTTests */,
				"JWT::JWT" /* JWT */,
				"JSON::JSON" /* JSON */,
				"Node::Node" /* Node */,
				"Node::PathIndexable" /* PathIndexable */,
				"Core::Core" /* Core */,
				"Debugging::Debugging" /* Debugging */,
				"Bits::Bits" /* Bits */,
				"Core::libc" /* libc */,
				"JWT::JWTPackageTests::ProductTarget" /* JWTPackageTests */,
			);
		};
/* End PBXProject section */

/* Begin PBXSourcesBuildPhase section */
		OBJ_180 /* Sources */ = {
			isa = PBXSourcesBuildPhase;
			buildActionMask = 0;
			files = (
			);
			runOnlyForDeploymentPostprocessing = 0;
		};
		OBJ_186 /* Sources */ = {
			isa = PBXSourcesBuildPhase;
			buildActionMask = 0;
			files = (
			);
			runOnlyForDeploymentPostprocessing = 0;
		};
		OBJ_192 /* Sources */ = {
			isa = PBXSourcesBuildPhase;
			buildActionMask = 0;
			files = (
			);
			runOnlyForDeploymentPostprocessing = 0;
		};
		OBJ_198 /* Sources */ = {
			isa = PBXSourcesBuildPhase;
			buildActionMask = 0;
			files = (
			);
			runOnlyForDeploymentPostprocessing = 0;
		};
		OBJ_204 /* Sources */ = {
			isa = PBXSourcesBuildPhase;
			buildActionMask = 0;
			files = (
			);
			runOnlyForDeploymentPostprocessing = 0;
		};
		OBJ_210 /* Sources */ = {
			isa = PBXSourcesBuildPhase;
			buildActionMask = 0;
			files = (
			);
			runOnlyForDeploymentPostprocessing = 0;
		};
		OBJ_216 /* Sources */ = {
			isa = PBXSourcesBuildPhase;
			buildActionMask = 0;
			files = (
				OBJ_217 /* ClaimTests.swift in Sources */,
				OBJ_218 /* JWTTests.swift in Sources */,
				OBJ_219 /* SignerTests.swift in Sources */,
			);
			runOnlyForDeploymentPostprocessing = 0;
		};
		OBJ_248 /* Sources */ = {
			isa = PBXSourcesBuildPhase;
			buildActionMask = 0;
			files = (
				OBJ_249 /* AudienceClaim.swift in Sources */,
				OBJ_250 /* Claim.swift in Sources */,
				OBJ_251 /* EqualityClaim.swift in Sources */,
				OBJ_252 /* ExpirationTimeClaim.swift in Sources */,
				OBJ_253 /* IssuedAtClaim.swift in Sources */,
				OBJ_254 /* IssuerClaim.swift in Sources */,
				OBJ_255 /* JWTIDClaim.swift in Sources */,
				OBJ_256 /* NotBeforeClaim.swift in Sources */,
				OBJ_257 /* SubjectClaim.swift in Sources */,
				OBJ_258 /* TimeBasedClaim.swift in Sources */,
				OBJ_259 /* ClaimsVerifiable.swift in Sources */,
				OBJ_260 /* Exports.swift in Sources */,
				OBJ_261 /* AlgorithmHeader.swift in Sources */,
				OBJ_262 /* Header.swift in Sources */,
				OBJ_263 /* KeyIDHeader.swift in Sources */,
				OBJ_264 /* TypeHeader.swift in Sources */,
				OBJ_265 /* JWT.swift in Sources */,
				OBJ_266 /* JWTError.swift in Sources */,
				OBJ_267 /* NodeFailableInitializable.swift in Sources */,
				OBJ_268 /* SecondsBacked.swift in Sources */,
				OBJ_269 /* SignatureVerifiable.swift in Sources */,
				OBJ_270 /* ECDSASigner.swift in Sources */,
				OBJ_271 /* HMACSigner.swift in Sources */,
				OBJ_272 /* RSASigner+X509.swift in Sources */,
				OBJ_273 /* RSASigner.swift in Sources */,
				OBJ_274 /* Signer.swift in Sources */,
				OBJ_275 /* Unsigned.swift in Sources */,
				OBJ_276 /* Storable.swift in Sources */,
				OBJ_277 /* StringBacked.swift in Sources */,
			);
			runOnlyForDeploymentPostprocessing = 0;
		};
		OBJ_296 /* Sources */ = {
			isa = PBXSourcesBuildPhase;
			buildActionMask = 0;
			files = (
			);
			runOnlyForDeploymentPostprocessing = 0;
		};
		OBJ_322 /* Sources */ = {
			isa = PBXSourcesBuildPhase;
			buildActionMask = 0;
			files = (
			);
			runOnlyForDeploymentPostprocessing = 0;
		};
		OBJ_375 /* Sources */ = {
			isa = PBXSourcesBuildPhase;
			buildActionMask = 0;
			files = (
			);
			runOnlyForDeploymentPostprocessing = 0;
		};
		OBJ_382 /* Sources */ = {
			isa = PBXSourcesBuildPhase;
			buildActionMask = 0;
			files = (
			);
			runOnlyForDeploymentPostprocessing = 0;
		};
		OBJ_416 /* Sources */ = {
			isa = PBXSourcesBuildPhase;
			buildActionMask = 0;
			files = (
			);
			runOnlyForDeploymentPostprocessing = 0;
		};
		OBJ_422 /* Sources */ = {
			isa = PBXSourcesBuildPhase;
			buildActionMask = 0;
			files = (
			);
			runOnlyForDeploymentPostprocessing = 0;
		};
		OBJ_446 /* Sources */ = {
			isa = PBXSourcesBuildPhase;
			buildActionMask = 0;
			files = (
			);
			runOnlyForDeploymentPostprocessing = 0;
		};
/* End PBXSourcesBuildPhase section */

/* Begin PBXTargetDependency section */
		OBJ_229 /* PBXTargetDependency */ = {
			isa = PBXTargetDependency;
			target = "JWT::JWT" /* JWT */;
			targetProxy = 0480A7FC1F8517D400204C4F /* PBXContainerItemProxy */;
		};
		OBJ_231 /* PBXTargetDependency */ = {
			isa = PBXTargetDependency;
			target = "JSON::JSON" /* JSON */;
			targetProxy = 0480A7FD1F8517D400204C4F /* PBXContainerItemProxy */;
		};
		OBJ_233 /* PBXTargetDependency */ = {
			isa = PBXTargetDependency;
			target = "Node::Node" /* Node */;
			targetProxy = 0480A7FE1F8517D400204C4F /* PBXContainerItemProxy */;
		};
		OBJ_235 /* PBXTargetDependency */ = {
			isa = PBXTargetDependency;
			target = "Node::PathIndexable" /* PathIndexable */;
			targetProxy = 0480A7FF1F8517D400204C4F /* PBXContainerItemProxy */;
		};
		OBJ_237 /* PBXTargetDependency */ = {
			isa = PBXTargetDependency;
			target = "Core::Core" /* Core */;
			targetProxy = 0480A8001F8517D400204C4F /* PBXContainerItemProxy */;
		};
		OBJ_239 /* PBXTargetDependency */ = {
			isa = PBXTargetDependency;
			target = "Debugging::Debugging" /* Debugging */;
			targetProxy = 0480A8011F8517D400204C4F /* PBXContainerItemProxy */;
		};
		OBJ_241 /* PBXTargetDependency */ = {
			isa = PBXTargetDependency;
			target = "Bits::Bits" /* Bits */;
			targetProxy = 0480A8021F8517D400204C4F /* PBXContainerItemProxy */;
		};
		OBJ_243 /* PBXTargetDependency */ = {
			isa = PBXTargetDependency;
			target = "Core::libc" /* libc */;
			targetProxy = 0480A8031F8517D400204C4F /* PBXContainerItemProxy */;
		};
		OBJ_286 /* PBXTargetDependency */ = {
			isa = PBXTargetDependency;
			target = "JSON::JSON" /* JSON */;
			targetProxy = 0480A7E71F8517D400204C4F /* PBXContainerItemProxy */;
		};
		OBJ_287 /* PBXTargetDependency */ = {
			isa = PBXTargetDependency;
			target = "Node::Node" /* Node */;
			targetProxy = 0480A7F61F8517D400204C4F /* PBXContainerItemProxy */;
		};
		OBJ_288 /* PBXTargetDependency */ = {
			isa = PBXTargetDependency;
			target = "Node::PathIndexable" /* PathIndexable */;
			targetProxy = 0480A7F71F8517D400204C4F /* PBXContainerItemProxy */;
		};
		OBJ_289 /* PBXTargetDependency */ = {
			isa = PBXTargetDependency;
			target = "Core::Core" /* Core */;
			targetProxy = 0480A7F81F8517D400204C4F /* PBXContainerItemProxy */;
		};
		OBJ_290 /* PBXTargetDependency */ = {
			isa = PBXTargetDependency;
			target = "Debugging::Debugging" /* Debugging */;
			targetProxy = 0480A7F91F8517D400204C4F /* PBXContainerItemProxy */;
		};
		OBJ_291 /* PBXTargetDependency */ = {
			isa = PBXTargetDependency;
			target = "Bits::Bits" /* Bits */;
			targetProxy = 0480A7FA1F8517D400204C4F /* PBXContainerItemProxy */;
		};
		OBJ_292 /* PBXTargetDependency */ = {
			isa = PBXTargetDependency;
			target = "Core::libc" /* libc */;
			targetProxy = 0480A7FB1F8517D400204C4F /* PBXContainerItemProxy */;
		};
		OBJ_313 /* PBXTargetDependency */ = {
			isa = PBXTargetDependency;
			target = "Node::Node" /* Node */;
			targetProxy = 0480A7E81F8517D400204C4F /* PBXContainerItemProxy */;
		};
		OBJ_314 /* PBXTargetDependency */ = {
			isa = PBXTargetDependency;
			target = "Node::PathIndexable" /* PathIndexable */;
			targetProxy = 0480A7F11F8517D400204C4F /* PBXContainerItemProxy */;
		};
		OBJ_315 /* PBXTargetDependency */ = {
			isa = PBXTargetDependency;
			target = "Core::Core" /* Core */;
			targetProxy = 0480A7F21F8517D400204C4F /* PBXContainerItemProxy */;
		};
		OBJ_316 /* PBXTargetDependency */ = {
			isa = PBXTargetDependency;
			target = "Debugging::Debugging" /* Debugging */;
			targetProxy = 0480A7F31F8517D400204C4F /* PBXContainerItemProxy */;
		};
		OBJ_317 /* PBXTargetDependency */ = {
			isa = PBXTargetDependency;
			target = "Bits::Bits" /* Bits */;
			targetProxy = 0480A7F41F8517D400204C4F /* PBXContainerItemProxy */;
		};
		OBJ_318 /* PBXTargetDependency */ = {
			isa = PBXTargetDependency;
			target = "Core::libc" /* libc */;
			targetProxy = 0480A7F51F8517D400204C4F /* PBXContainerItemProxy */;
		};
		OBJ_367 /* PBXTargetDependency */ = {
			isa = PBXTargetDependency;
			target = "Core::Core" /* Core */;
			targetProxy = 0480A7E91F8517D400204C4F /* PBXContainerItemProxy */;
		};
		OBJ_368 /* PBXTargetDependency */ = {
			isa = PBXTargetDependency;
			target = "Debugging::Debugging" /* Debugging */;
			targetProxy = 0480A7ED1F8517D400204C4F /* PBXContainerItemProxy */;
		};
		OBJ_369 /* PBXTargetDependency */ = {
			isa = PBXTargetDependency;
			target = "Core::libc" /* libc */;
			targetProxy = 0480A7EE1F8517D400204C4F /* PBXContainerItemProxy */;
		};
		OBJ_370 /* PBXTargetDependency */ = {
			isa = PBXTargetDependency;
			target = "Bits::Bits" /* Bits */;
			targetProxy = 0480A7EF1F8517D400204C4F /* PBXContainerItemProxy */;
		};
		OBJ_371 /* PBXTargetDependency */ = {
			isa = PBXTargetDependency;
			target = "Node::PathIndexable" /* PathIndexable */;
			targetProxy = 0480A7F01F8517D400204C4F /* PBXContainerItemProxy */;
		};
		OBJ_410 /* PBXTargetDependency */ = {
			isa = PBXTargetDependency;
			target = "Debugging::Debugging" /* Debugging */;
			targetProxy = 0480A7EA1F8517D400204C4F /* PBXContainerItemProxy */;
		};
		OBJ_411 /* PBXTargetDependency */ = {
			isa = PBXTargetDependency;
			target = "Bits::Bits" /* Bits */;
			targetProxy = 0480A7EB1F8517D400204C4F /* PBXContainerItemProxy */;
		};
		OBJ_412 /* PBXTargetDependency */ = {
			isa = PBXTargetDependency;
			target = "Core::libc" /* libc */;
			targetProxy = 0480A7EC1F8517D400204C4F /* PBXContainerItemProxy */;
		};
		OBJ_453 /* PBXTargetDependency */ = {
			isa = PBXTargetDependency;
			target = "JWT::JWTTests" /* JWTTests */;
			targetProxy = 0480A8041F8517D500204C4F /* PBXContainerItemProxy */;
		};
/* End PBXTargetDependency section */

/* Begin XCBuildConfiguration section */
		OBJ_178 /* Debug */ = {
			isa = XCBuildConfiguration;
			buildSettings = {
				LD = /usr/bin/true;
				OTHER_SWIFT_FLAGS = "-swift-version 3 -I /Applications/Xcode.app/Contents/Developer/Toolchains/XcodeDefault.xctoolchain/usr/lib/swift/pm/3 -target x86_64-apple-macosx10.10 -sdk /Applications/Xcode.app/Contents/Developer/Platforms/MacOSX.platform/Developer/SDKs/MacOSX10.13.sdk";
				SWIFT_VERSION = 3.0;
			};
			name = Debug;
		};
		OBJ_179 /* Release */ = {
			isa = XCBuildConfiguration;
			buildSettings = {
				LD = /usr/bin/true;
				OTHER_SWIFT_FLAGS = "-swift-version 3 -I /Applications/Xcode.app/Contents/Developer/Toolchains/XcodeDefault.xctoolchain/usr/lib/swift/pm/3 -target x86_64-apple-macosx10.10 -sdk /Applications/Xcode.app/Contents/Developer/Platforms/MacOSX.platform/Developer/SDKs/MacOSX10.13.sdk";
				SWIFT_VERSION = 3.0;
			};
			name = Release;
		};
		OBJ_184 /* Debug */ = {
			isa = XCBuildConfiguration;
			buildSettings = {
				LD = /usr/bin/true;
				OTHER_SWIFT_FLAGS = "-swift-version 4 -I /Applications/Xcode.app/Contents/Developer/Toolchains/XcodeDefault.xctoolchain/usr/lib/swift/pm/4 -target x86_64-apple-macosx10.10 -sdk /Applications/Xcode.app/Contents/Developer/Platforms/MacOSX.platform/Developer/SDKs/MacOSX10.13.sdk";
				SWIFT_VERSION = 4.0;
			};
			name = Debug;
		};
		OBJ_185 /* Release */ = {
			isa = XCBuildConfiguration;
			buildSettings = {
				LD = /usr/bin/true;
				OTHER_SWIFT_FLAGS = "-swift-version 4 -I /Applications/Xcode.app/Contents/Developer/Toolchains/XcodeDefault.xctoolchain/usr/lib/swift/pm/4 -target x86_64-apple-macosx10.10 -sdk /Applications/Xcode.app/Contents/Developer/Platforms/MacOSX.platform/Developer/SDKs/MacOSX10.13.sdk";
				SWIFT_VERSION = 4.0;
			};
			name = Release;
		};
		OBJ_190 /* Debug */ = {
			isa = XCBuildConfiguration;
			buildSettings = {
				LD = /usr/bin/true;
				OTHER_SWIFT_FLAGS = "-swift-version 4 -I /Applications/Xcode.app/Contents/Developer/Toolchains/XcodeDefault.xctoolchain/usr/lib/swift/pm/4 -target x86_64-apple-macosx10.10 -sdk /Applications/Xcode.app/Contents/Developer/Platforms/MacOSX.platform/Developer/SDKs/MacOSX10.13.sdk";
				SWIFT_VERSION = 4.0;
			};
			name = Debug;
		};
		OBJ_191 /* Release */ = {
			isa = XCBuildConfiguration;
			buildSettings = {
				LD = /usr/bin/true;
				OTHER_SWIFT_FLAGS = "-swift-version 4 -I /Applications/Xcode.app/Contents/Developer/Toolchains/XcodeDefault.xctoolchain/usr/lib/swift/pm/4 -target x86_64-apple-macosx10.10 -sdk /Applications/Xcode.app/Contents/Developer/Platforms/MacOSX.platform/Developer/SDKs/MacOSX10.13.sdk";
				SWIFT_VERSION = 4.0;
			};
			name = Release;
		};
		OBJ_196 /* Debug */ = {
			isa = XCBuildConfiguration;
			buildSettings = {
				LD = /usr/bin/true;
				OTHER_SWIFT_FLAGS = "-swift-version 4 -I /Applications/Xcode.app/Contents/Developer/Toolchains/XcodeDefault.xctoolchain/usr/lib/swift/pm/4 -target x86_64-apple-macosx10.10 -sdk /Applications/Xcode.app/Contents/Developer/Platforms/MacOSX.platform/Developer/SDKs/MacOSX10.13.sdk";
				SWIFT_VERSION = 4.0;
			};
			name = Debug;
		};
		OBJ_197 /* Release */ = {
			isa = XCBuildConfiguration;
			buildSettings = {
				LD = /usr/bin/true;
				OTHER_SWIFT_FLAGS = "-swift-version 4 -I /Applications/Xcode.app/Contents/Developer/Toolchains/XcodeDefault.xctoolchain/usr/lib/swift/pm/4 -target x86_64-apple-macosx10.10 -sdk /Applications/Xcode.app/Contents/Developer/Platforms/MacOSX.platform/Developer/SDKs/MacOSX10.13.sdk";
				SWIFT_VERSION = 4.0;
			};
			name = Release;
		};
		OBJ_202 /* Debug */ = {
			isa = XCBuildConfiguration;
			buildSettings = {
				LD = /usr/bin/true;
				OTHER_SWIFT_FLAGS = "-swift-version 4 -I /Applications/Xcode.app/Contents/Developer/Toolchains/XcodeDefault.xctoolchain/usr/lib/swift/pm/4 -target x86_64-apple-macosx10.10 -sdk /Applications/Xcode.app/Contents/Developer/Platforms/MacOSX.platform/Developer/SDKs/MacOSX10.13.sdk";
				SWIFT_VERSION = 4.0;
			};
			name = Debug;
		};
		OBJ_203 /* Release */ = {
			isa = XCBuildConfiguration;
			buildSettings = {
				LD = /usr/bin/true;
				OTHER_SWIFT_FLAGS = "-swift-version 4 -I /Applications/Xcode.app/Contents/Developer/Toolchains/XcodeDefault.xctoolchain/usr/lib/swift/pm/4 -target x86_64-apple-macosx10.10 -sdk /Applications/Xcode.app/Contents/Developer/Platforms/MacOSX.platform/Developer/SDKs/MacOSX10.13.sdk";
				SWIFT_VERSION = 4.0;
			};
			name = Release;
		};
		OBJ_208 /* Debug */ = {
			isa = XCBuildConfiguration;
			buildSettings = {
				LD = /usr/bin/true;
				OTHER_SWIFT_FLAGS = "-swift-version 4 -I /Applications/Xcode.app/Contents/Developer/Toolchains/XcodeDefault.xctoolchain/usr/lib/swift/pm/4 -target x86_64-apple-macosx10.10 -sdk /Applications/Xcode.app/Contents/Developer/Platforms/MacOSX.platform/Developer/SDKs/MacOSX10.13.sdk";
				SWIFT_VERSION = 4.0;
			};
			name = Debug;
		};
		OBJ_209 /* Release */ = {
			isa = XCBuildConfiguration;
			buildSettings = {
				LD = /usr/bin/true;
				OTHER_SWIFT_FLAGS = "-swift-version 4 -I /Applications/Xcode.app/Contents/Developer/Toolchains/XcodeDefault.xctoolchain/usr/lib/swift/pm/4 -target x86_64-apple-macosx10.10 -sdk /Applications/Xcode.app/Contents/Developer/Platforms/MacOSX.platform/Developer/SDKs/MacOSX10.13.sdk";
				SWIFT_VERSION = 4.0;
			};
			name = Release;
		};
		OBJ_214 /* Debug */ = {
			isa = XCBuildConfiguration;
			buildSettings = {
				EMBEDDED_CONTENT_CONTAINS_SWIFT = YES;
				FRAMEWORK_SEARCH_PATHS = (
					"$(inherited)",
					"$(PLATFORM_DIR)/Developer/Library/Frameworks",
				);
				HEADER_SEARCH_PATHS = "$(inherited)";
				INFOPLIST_FILE = JWT.xcodeproj/JWTTests_Info.plist;
				LD_RUNPATH_SEARCH_PATHS = "@loader_path/../Frameworks @loader_path/Frameworks";
				OTHER_LDFLAGS = "$(inherited)";
				OTHER_SWIFT_FLAGS = "$(inherited)";
				SWIFT_VERSION = 3.0;
				TARGET_NAME = JWTTests;
			};
			name = Debug;
		};
		OBJ_215 /* Release */ = {
			isa = XCBuildConfiguration;
			buildSettings = {
				EMBEDDED_CONTENT_CONTAINS_SWIFT = YES;
				FRAMEWORK_SEARCH_PATHS = (
					"$(inherited)",
					"$(PLATFORM_DIR)/Developer/Library/Frameworks",
				);
				HEADER_SEARCH_PATHS = "$(inherited)";
				INFOPLIST_FILE = JWT.xcodeproj/JWTTests_Info.plist;
				LD_RUNPATH_SEARCH_PATHS = "@loader_path/../Frameworks @loader_path/Frameworks";
				OTHER_LDFLAGS = "$(inherited)";
				OTHER_SWIFT_FLAGS = "$(inherited)";
				SWIFT_VERSION = 3.0;
				TARGET_NAME = JWTTests;
			};
			name = Release;
		};
		OBJ_246 /* Debug */ = {
			isa = XCBuildConfiguration;
			buildSettings = {
				ENABLE_TESTABILITY = YES;
				FRAMEWORK_SEARCH_PATHS = (
					"$(inherited)",
					"$(PLATFORM_DIR)/Developer/Library/Frameworks",
				);
				HEADER_SEARCH_PATHS = "$(inherited)";
				INFOPLIST_FILE = JWT.xcodeproj/JWT_Info.plist;
				LD_RUNPATH_SEARCH_PATHS = "$(TOOLCHAIN_DIR)/usr/lib/swift/macosx";
				OTHER_LDFLAGS = "$(inherited)";
				OTHER_SWIFT_FLAGS = "$(inherited)";
				PRODUCT_BUNDLE_IDENTIFIER = JWT;
				PRODUCT_MODULE_NAME = "$(TARGET_NAME:c99extidentifier)";
				PRODUCT_NAME = "$(TARGET_NAME:c99extidentifier)";
				SKIP_INSTALL = YES;
				SWIFT_VERSION = 3.0;
				TARGET_NAME = JWT;
			};
			name = Debug;
		};
		OBJ_247 /* Release */ = {
			isa = XCBuildConfiguration;
			buildSettings = {
				ENABLE_TESTABILITY = YES;
				FRAMEWORK_SEARCH_PATHS = (
					"$(inherited)",
					"$(PLATFORM_DIR)/Developer/Library/Frameworks",
				);
				HEADER_SEARCH_PATHS = "$(inherited)";
				INFOPLIST_FILE = JWT.xcodeproj/JWT_Info.plist;
				LD_RUNPATH_SEARCH_PATHS = "$(TOOLCHAIN_DIR)/usr/lib/swift/macosx";
				OTHER_LDFLAGS = "$(inherited)";
				OTHER_SWIFT_FLAGS = "$(inherited)";
				PRODUCT_BUNDLE_IDENTIFIER = JWT;
				PRODUCT_MODULE_NAME = "$(TARGET_NAME:c99extidentifier)";
				PRODUCT_NAME = "$(TARGET_NAME:c99extidentifier)";
				SKIP_INSTALL = YES;
				SWIFT_VERSION = 3.0;
				TARGET_NAME = JWT;
			};
			name = Release;
		};
		OBJ_294 /* Debug */ = {
			isa = XCBuildConfiguration;
			buildSettings = {
				ENABLE_TESTABILITY = YES;
				FRAMEWORK_SEARCH_PATHS = (
					"$(inherited)",
					"$(PLATFORM_DIR)/Developer/Library/Frameworks",
				);
				HEADER_SEARCH_PATHS = "$(inherited)";
				INFOPLIST_FILE = JWT.xcodeproj/JSON_Info.plist;
				LD_RUNPATH_SEARCH_PATHS = "$(TOOLCHAIN_DIR)/usr/lib/swift/macosx";
				OTHER_LDFLAGS = "$(inherited)";
				OTHER_SWIFT_FLAGS = "$(inherited)";
				PRODUCT_BUNDLE_IDENTIFIER = JSON;
				PRODUCT_MODULE_NAME = "$(TARGET_NAME:c99extidentifier)";
				PRODUCT_NAME = "$(TARGET_NAME:c99extidentifier)";
				SKIP_INSTALL = YES;
				SWIFT_VERSION = 4.0;
				TARGET_NAME = JSON;
			};
			name = Debug;
		};
		OBJ_295 /* Release */ = {
			isa = XCBuildConfiguration;
			buildSettings = {
				ENABLE_TESTABILITY = YES;
				FRAMEWORK_SEARCH_PATHS = (
					"$(inherited)",
					"$(PLATFORM_DIR)/Developer/Library/Frameworks",
				);
				HEADER_SEARCH_PATHS = "$(inherited)";
				INFOPLIST_FILE = JWT.xcodeproj/JSON_Info.plist;
				LD_RUNPATH_SEARCH_PATHS = "$(TOOLCHAIN_DIR)/usr/lib/swift/macosx";
				OTHER_LDFLAGS = "$(inherited)";
				OTHER_SWIFT_FLAGS = "$(inherited)";
				PRODUCT_BUNDLE_IDENTIFIER = JSON;
				PRODUCT_MODULE_NAME = "$(TARGET_NAME:c99extidentifier)";
				PRODUCT_NAME = "$(TARGET_NAME:c99extidentifier)";
				SKIP_INSTALL = YES;
				SWIFT_VERSION = 4.0;
				TARGET_NAME = JSON;
			};
			name = Release;
		};
		OBJ_3 /* Debug */ = {
			isa = XCBuildConfiguration;
			buildSettings = {
				CLANG_ENABLE_OBJC_ARC = YES;
				COMBINE_HIDPI_IMAGES = YES;
				COPY_PHASE_STRIP = NO;
				DEBUG_INFORMATION_FORMAT = dwarf;
				DYLIB_INSTALL_NAME_BASE = "@rpath";
				ENABLE_NS_ASSERTIONS = YES;
				GCC_OPTIMIZATION_LEVEL = 0;
				MACOSX_DEPLOYMENT_TARGET = 10.10;
				ONLY_ACTIVE_ARCH = YES;
				OTHER_SWIFT_FLAGS = "-DXcode";
				PRODUCT_NAME = "$(TARGET_NAME)";
				SDKROOT = iphoneos;
				SUPPORTED_PLATFORMS = "macosx iphoneos iphonesimulator appletvos appletvsimulator watchos watchsimulator";
				SWIFT_ACTIVE_COMPILATION_CONDITIONS = SWIFT_PACKAGE;
				SWIFT_OPTIMIZATION_LEVEL = "-Onone";
				USE_HEADERMAP = NO;
			};
			name = Debug;
		};
		OBJ_320 /* Debug */ = {
			isa = XCBuildConfiguration;
			buildSettings = {
				ENABLE_TESTABILITY = YES;
				FRAMEWORK_SEARCH_PATHS = (
					"$(inherited)",
					"$(PLATFORM_DIR)/Developer/Library/Frameworks",
				);
				HEADER_SEARCH_PATHS = "$(inherited)";
				INFOPLIST_FILE = JWT.xcodeproj/Node_Info.plist;
				LD_RUNPATH_SEARCH_PATHS = "$(TOOLCHAIN_DIR)/usr/lib/swift/macosx";
				OTHER_LDFLAGS = "$(inherited)";
				OTHER_SWIFT_FLAGS = "$(inherited)";
				PRODUCT_BUNDLE_IDENTIFIER = Node;
				PRODUCT_MODULE_NAME = "$(TARGET_NAME:c99extidentifier)";
				PRODUCT_NAME = "$(TARGET_NAME:c99extidentifier)";
				SKIP_INSTALL = YES;
				SWIFT_VERSION = 4.0;
				TARGET_NAME = Node;
			};
			name = Debug;
		};
		OBJ_321 /* Release */ = {
			isa = XCBuildConfiguration;
			buildSettings = {
				ENABLE_TESTABILITY = YES;
				FRAMEWORK_SEARCH_PATHS = (
					"$(inherited)",
					"$(PLATFORM_DIR)/Developer/Library/Frameworks",
				);
				HEADER_SEARCH_PATHS = "$(inherited)";
				INFOPLIST_FILE = JWT.xcodeproj/Node_Info.plist;
				LD_RUNPATH_SEARCH_PATHS = "$(TOOLCHAIN_DIR)/usr/lib/swift/macosx";
				OTHER_LDFLAGS = "$(inherited)";
				OTHER_SWIFT_FLAGS = "$(inherited)";
				PRODUCT_BUNDLE_IDENTIFIER = Node;
				PRODUCT_MODULE_NAME = "$(TARGET_NAME:c99extidentifier)";
				PRODUCT_NAME = "$(TARGET_NAME:c99extidentifier)";
				SKIP_INSTALL = YES;
				SWIFT_VERSION = 4.0;
				TARGET_NAME = Node;
			};
			name = Release;
		};
		OBJ_373 /* Debug */ = {
			isa = XCBuildConfiguration;
			buildSettings = {
				ENABLE_TESTABILITY = YES;
				FRAMEWORK_SEARCH_PATHS = (
					"$(inherited)",
					"$(PLATFORM_DIR)/Developer/Library/Frameworks",
				);
				HEADER_SEARCH_PATHS = "$(inherited)";
				INFOPLIST_FILE = JWT.xcodeproj/PathIndexable_Info.plist;
				LD_RUNPATH_SEARCH_PATHS = "$(TOOLCHAIN_DIR)/usr/lib/swift/macosx";
				OTHER_LDFLAGS = "$(inherited)";
				OTHER_SWIFT_FLAGS = "$(inherited)";
				PRODUCT_BUNDLE_IDENTIFIER = PathIndexable;
				PRODUCT_MODULE_NAME = "$(TARGET_NAME:c99extidentifier)";
				PRODUCT_NAME = "$(TARGET_NAME:c99extidentifier)";
				SKIP_INSTALL = YES;
				SWIFT_VERSION = 4.0;
				TARGET_NAME = PathIndexable;
			};
			name = Debug;
		};
		OBJ_374 /* Release */ = {
			isa = XCBuildConfiguration;
			buildSettings = {
				ENABLE_TESTABILITY = YES;
				FRAMEWORK_SEARCH_PATHS = (
					"$(inherited)",
					"$(PLATFORM_DIR)/Developer/Library/Frameworks",
				);
				HEADER_SEARCH_PATHS = "$(inherited)";
				INFOPLIST_FILE = JWT.xcodeproj/PathIndexable_Info.plist;
				LD_RUNPATH_SEARCH_PATHS = "$(TOOLCHAIN_DIR)/usr/lib/swift/macosx";
				OTHER_LDFLAGS = "$(inherited)";
				OTHER_SWIFT_FLAGS = "$(inherited)";
				PRODUCT_BUNDLE_IDENTIFIER = PathIndexable;
				PRODUCT_MODULE_NAME = "$(TARGET_NAME:c99extidentifier)";
				PRODUCT_NAME = "$(TARGET_NAME:c99extidentifier)";
				SKIP_INSTALL = YES;
				SWIFT_VERSION = 4.0;
				TARGET_NAME = PathIndexable;
			};
			name = Release;
		};
		OBJ_380 /* Debug */ = {
			isa = XCBuildConfiguration;
			buildSettings = {
				ENABLE_TESTABILITY = YES;
				FRAMEWORK_SEARCH_PATHS = (
					"$(inherited)",
					"$(PLATFORM_DIR)/Developer/Library/Frameworks",
				);
				HEADER_SEARCH_PATHS = "$(inherited)";
				INFOPLIST_FILE = JWT.xcodeproj/Core_Info.plist;
				LD_RUNPATH_SEARCH_PATHS = "$(TOOLCHAIN_DIR)/usr/lib/swift/macosx";
				OTHER_LDFLAGS = "$(inherited)";
				OTHER_SWIFT_FLAGS = "$(inherited)";
				PRODUCT_BUNDLE_IDENTIFIER = Core;
				PRODUCT_MODULE_NAME = "$(TARGET_NAME:c99extidentifier)";
				PRODUCT_NAME = "$(TARGET_NAME:c99extidentifier)";
				SKIP_INSTALL = YES;
				SWIFT_VERSION = 4.0;
				TARGET_NAME = Core;
			};
			name = Debug;
		};
		OBJ_381 /* Release */ = {
			isa = XCBuildConfiguration;
			buildSettings = {
				ENABLE_TESTABILITY = YES;
				FRAMEWORK_SEARCH_PATHS = (
					"$(inherited)",
					"$(PLATFORM_DIR)/Developer/Library/Frameworks",
				);
				HEADER_SEARCH_PATHS = "$(inherited)";
				INFOPLIST_FILE = JWT.xcodeproj/Core_Info.plist;
				LD_RUNPATH_SEARCH_PATHS = "$(TOOLCHAIN_DIR)/usr/lib/swift/macosx";
				OTHER_LDFLAGS = "$(inherited)";
				OTHER_SWIFT_FLAGS = "$(inherited)";
				PRODUCT_BUNDLE_IDENTIFIER = Core;
				PRODUCT_MODULE_NAME = "$(TARGET_NAME:c99extidentifier)";
				PRODUCT_NAME = "$(TARGET_NAME:c99extidentifier)";
				SKIP_INSTALL = YES;
				SWIFT_VERSION = 4.0;
				TARGET_NAME = Core;
			};
			name = Release;
		};
		OBJ_4 /* Release */ = {
			isa = XCBuildConfiguration;
			buildSettings = {
				CLANG_ENABLE_OBJC_ARC = YES;
				COMBINE_HIDPI_IMAGES = YES;
				COPY_PHASE_STRIP = YES;
				DEBUG_INFORMATION_FORMAT = "dwarf-with-dsym";
				DYLIB_INSTALL_NAME_BASE = "@rpath";
				GCC_OPTIMIZATION_LEVEL = s;
				MACOSX_DEPLOYMENT_TARGET = 10.10;
				OTHER_SWIFT_FLAGS = "-DXcode";
				PRODUCT_NAME = "$(TARGET_NAME)";
				SDKROOT = iphoneos;
				SUPPORTED_PLATFORMS = "macosx iphoneos iphonesimulator appletvos appletvsimulator watchos watchsimulator";
				SWIFT_ACTIVE_COMPILATION_CONDITIONS = SWIFT_PACKAGE;
				SWIFT_OPTIMIZATION_LEVEL = "-Owholemodule";
				USE_HEADERMAP = NO;
			};
			name = Release;
		};
		OBJ_414 /* Debug */ = {
			isa = XCBuildConfiguration;
			buildSettings = {
				ENABLE_TESTABILITY = YES;
				FRAMEWORK_SEARCH_PATHS = (
					"$(inherited)",
					"$(PLATFORM_DIR)/Developer/Library/Frameworks",
				);
				HEADER_SEARCH_PATHS = "$(inherited)";
				INFOPLIST_FILE = JWT.xcodeproj/Debugging_Info.plist;
				LD_RUNPATH_SEARCH_PATHS = "$(TOOLCHAIN_DIR)/usr/lib/swift/macosx";
				OTHER_LDFLAGS = "$(inherited)";
				OTHER_SWIFT_FLAGS = "$(inherited)";
				PRODUCT_BUNDLE_IDENTIFIER = Debugging;
				PRODUCT_MODULE_NAME = "$(TARGET_NAME:c99extidentifier)";
				PRODUCT_NAME = "$(TARGET_NAME:c99extidentifier)";
				SKIP_INSTALL = YES;
				SWIFT_VERSION = 4.0;
				TARGET_NAME = Debugging;
			};
			name = Debug;
		};
		OBJ_415 /* Release */ = {
			isa = XCBuildConfiguration;
			buildSettings = {
				ENABLE_TESTABILITY = YES;
				FRAMEWORK_SEARCH_PATHS = (
					"$(inherited)",
					"$(PLATFORM_DIR)/Developer/Library/Frameworks",
				);
				HEADER_SEARCH_PATHS = "$(inherited)";
				INFOPLIST_FILE = JWT.xcodeproj/Debugging_Info.plist;
				LD_RUNPATH_SEARCH_PATHS = "$(TOOLCHAIN_DIR)/usr/lib/swift/macosx";
				OTHER_LDFLAGS = "$(inherited)";
				OTHER_SWIFT_FLAGS = "$(inherited)";
				PRODUCT_BUNDLE_IDENTIFIER = Debugging;
				PRODUCT_MODULE_NAME = "$(TARGET_NAME:c99extidentifier)";
				PRODUCT_NAME = "$(TARGET_NAME:c99extidentifier)";
				SKIP_INSTALL = YES;
				SWIFT_VERSION = 4.0;
				TARGET_NAME = Debugging;
			};
			name = Release;
		};
		OBJ_420 /* Debug */ = {
			isa = XCBuildConfiguration;
			buildSettings = {
				ENABLE_TESTABILITY = YES;
				FRAMEWORK_SEARCH_PATHS = (
					"$(inherited)",
					"$(PLATFORM_DIR)/Developer/Library/Frameworks",
				);
				HEADER_SEARCH_PATHS = "$(inherited)";
				INFOPLIST_FILE = JWT.xcodeproj/Bits_Info.plist;
				LD_RUNPATH_SEARCH_PATHS = "$(TOOLCHAIN_DIR)/usr/lib/swift/macosx";
				OTHER_LDFLAGS = "$(inherited)";
				OTHER_SWIFT_FLAGS = "$(inherited)";
				PRODUCT_BUNDLE_IDENTIFIER = Bits;
				PRODUCT_MODULE_NAME = "$(TARGET_NAME:c99extidentifier)";
				PRODUCT_NAME = "$(TARGET_NAME:c99extidentifier)";
				SKIP_INSTALL = YES;
				SWIFT_VERSION = 4.0;
				TARGET_NAME = Bits;
			};
			name = Debug;
		};
		OBJ_421 /* Release */ = {
			isa = XCBuildConfiguration;
			buildSettings = {
				ENABLE_TESTABILITY = YES;
				FRAMEWORK_SEARCH_PATHS = (
					"$(inherited)",
					"$(PLATFORM_DIR)/Developer/Library/Frameworks",
				);
				HEADER_SEARCH_PATHS = "$(inherited)";
				INFOPLIST_FILE = JWT.xcodeproj/Bits_Info.plist;
				LD_RUNPATH_SEARCH_PATHS = "$(TOOLCHAIN_DIR)/usr/lib/swift/macosx";
				OTHER_LDFLAGS = "$(inherited)";
				OTHER_SWIFT_FLAGS = "$(inherited)";
				PRODUCT_BUNDLE_IDENTIFIER = Bits;
				PRODUCT_MODULE_NAME = "$(TARGET_NAME:c99extidentifier)";
				PRODUCT_NAME = "$(TARGET_NAME:c99extidentifier)";
				SKIP_INSTALL = YES;
				SWIFT_VERSION = 4.0;
				TARGET_NAME = Bits;
			};
			name = Release;
		};
		OBJ_444 /* Debug */ = {
			isa = XCBuildConfiguration;
			buildSettings = {
				ENABLE_TESTABILITY = YES;
				FRAMEWORK_SEARCH_PATHS = (
					"$(inherited)",
					"$(PLATFORM_DIR)/Developer/Library/Frameworks",
				);
				HEADER_SEARCH_PATHS = "$(inherited)";
				INFOPLIST_FILE = JWT.xcodeproj/libc_Info.plist;
				LD_RUNPATH_SEARCH_PATHS = "$(TOOLCHAIN_DIR)/usr/lib/swift/macosx";
				OTHER_LDFLAGS = "$(inherited)";
				OTHER_SWIFT_FLAGS = "$(inherited)";
				PRODUCT_BUNDLE_IDENTIFIER = libc;
				PRODUCT_MODULE_NAME = "$(TARGET_NAME:c99extidentifier)";
				PRODUCT_NAME = "$(TARGET_NAME:c99extidentifier)";
				SKIP_INSTALL = YES;
				SWIFT_VERSION = 4.0;
				TARGET_NAME = libc;
			};
			name = Debug;
		};
		OBJ_445 /* Release */ = {
			isa = XCBuildConfiguration;
			buildSettings = {
				ENABLE_TESTABILITY = YES;
				FRAMEWORK_SEARCH_PATHS = (
					"$(inherited)",
					"$(PLATFORM_DIR)/Developer/Library/Frameworks",
				);
				HEADER_SEARCH_PATHS = "$(inherited)";
				INFOPLIST_FILE = JWT.xcodeproj/libc_Info.plist;
				LD_RUNPATH_SEARCH_PATHS = "$(TOOLCHAIN_DIR)/usr/lib/swift/macosx";
				OTHER_LDFLAGS = "$(inherited)";
				OTHER_SWIFT_FLAGS = "$(inherited)";
				PRODUCT_BUNDLE_IDENTIFIER = libc;
				PRODUCT_MODULE_NAME = "$(TARGET_NAME:c99extidentifier)";
				PRODUCT_NAME = "$(TARGET_NAME:c99extidentifier)";
				SKIP_INSTALL = YES;
				SWIFT_VERSION = 4.0;
				TARGET_NAME = libc;
			};
			name = Release;
		};
		OBJ_451 /* Debug */ = {
			isa = XCBuildConfiguration;
			buildSettings = {
			};
			name = Debug;
		};
		OBJ_452 /* Release */ = {
			isa = XCBuildConfiguration;
			buildSettings = {
			};
			name = Release;
		};
/* End XCBuildConfiguration section */

/* Begin XCConfigurationList section */
		OBJ_177 /* Build configuration list for PBXNativeTarget "JWTPackageDescription" */ = {
			isa = XCConfigurationList;
			buildConfigurations = (
				OBJ_178 /* Debug */,
				OBJ_179 /* Release */,
			);
			defaultConfigurationIsVisible = 0;
			defaultConfigurationName = Debug;
		};
		OBJ_183 /* Build configuration list for PBXNativeTarget "JSONPackageDescription" */ = {
			isa = XCConfigurationList;
			buildConfigurations = (
				OBJ_184 /* Debug */,
				OBJ_185 /* Release */,
			);
			defaultConfigurationIsVisible = 0;
			defaultConfigurationName = Debug;
		};
		OBJ_189 /* Build configuration list for PBXNativeTarget "NodePackageDescription" */ = {
			isa = XCConfigurationList;
			buildConfigurations = (
				OBJ_190 /* Debug */,
				OBJ_191 /* Release */,
			);
			defaultConfigurationIsVisible = 0;
			defaultConfigurationName = Debug;
		};
		OBJ_195 /* Build configuration list for PBXNativeTarget "CorePackageDescription" */ = {
			isa = XCConfigurationList;
			buildConfigurations = (
				OBJ_196 /* Debug */,
				OBJ_197 /* Release */,
			);
			defaultConfigurationIsVisible = 0;
			defaultConfigurationName = Debug;
		};
		OBJ_2 /* Build configuration list for PBXProject "jwt" */ = {
			isa = XCConfigurationList;
			buildConfigurations = (
				OBJ_3 /* Debug */,
				OBJ_4 /* Release */,
			);
			defaultConfigurationIsVisible = 0;
			defaultConfigurationName = Debug;
		};
		OBJ_201 /* Build configuration list for PBXNativeTarget "DebuggingPackageDescription" */ = {
			isa = XCConfigurationList;
			buildConfigurations = (
				OBJ_202 /* Debug */,
				OBJ_203 /* Release */,
			);
			defaultConfigurationIsVisible = 0;
			defaultConfigurationName = Debug;
		};
		OBJ_207 /* Build configuration list for PBXNativeTarget "BitsPackageDescription" */ = {
			isa = XCConfigurationList;
			buildConfigurations = (
				OBJ_208 /* Debug */,
				OBJ_209 /* Release */,
			);
			defaultConfigurationIsVisible = 0;
			defaultConfigurationName = Debug;
		};
		OBJ_213 /* Build configuration list for PBXNativeTarget "JWTTests" */ = {
			isa = XCConfigurationList;
			buildConfigurations = (
				OBJ_214 /* Debug */,
				OBJ_215 /* Release */,
			);
			defaultConfigurationIsVisible = 0;
			defaultConfigurationName = Debug;
		};
		OBJ_245 /* Build configuration list for PBXNativeTarget "JWT" */ = {
			isa = XCConfigurationList;
			buildConfigurations = (
				OBJ_246 /* Debug */,
				OBJ_247 /* Release */,
			);
			defaultConfigurationIsVisible = 0;
			defaultConfigurationName = Debug;
		};
		OBJ_293 /* Build configuration list for PBXNativeTarget "JSON" */ = {
			isa = XCConfigurationList;
			buildConfigurations = (
				OBJ_294 /* Debug */,
				OBJ_295 /* Release */,
			);
			defaultConfigurationIsVisible = 0;
			defaultConfigurationName = Debug;
		};
		OBJ_319 /* Build configuration list for PBXNativeTarget "Node" */ = {
			isa = XCConfigurationList;
			buildConfigurations = (
				OBJ_320 /* Debug */,
				OBJ_321 /* Release */,
			);
			defaultConfigurationIsVisible = 0;
			defaultConfigurationName = Debug;
		};
		OBJ_372 /* Build configuration list for PBXNativeTarget "PathIndexable" */ = {
			isa = XCConfigurationList;
			buildConfigurations = (
				OBJ_373 /* Debug */,
				OBJ_374 /* Release */,
			);
			defaultConfigurationIsVisible = 0;
			defaultConfigurationName = Debug;
		};
		OBJ_379 /* Build configuration list for PBXNativeTarget "Core" */ = {
			isa = XCConfigurationList;
			buildConfigurations = (
				OBJ_380 /* Debug */,
				OBJ_381 /* Release */,
			);
			defaultConfigurationIsVisible = 0;
			defaultConfigurationName = Debug;
		};
		OBJ_413 /* Build configuration list for PBXNativeTarget "Debugging" */ = {
			isa = XCConfigurationList;
			buildConfigurations = (
				OBJ_414 /* Debug */,
				OBJ_415 /* Release */,
			);
			defaultConfigurationIsVisible = 0;
			defaultConfigurationName = Debug;
		};
		OBJ_419 /* Build configuration list for PBXNativeTarget "Bits" */ = {
			isa = XCConfigurationList;
			buildConfigurations = (
				OBJ_420 /* Debug */,
				OBJ_421 /* Release */,
			);
			defaultConfigurationIsVisible = 0;
			defaultConfigurationName = Debug;
		};
		OBJ_443 /* Build configuration list for PBXNativeTarget "libc" */ = {
			isa = XCConfigurationList;
			buildConfigurations = (
				OBJ_444 /* Debug */,
				OBJ_445 /* Release */,
			);
			defaultConfigurationIsVisible = 0;
			defaultConfigurationName = Debug;
		};
		OBJ_450 /* Build configuration list for PBXAggregateTarget "JWTPackageTests" */ = {
			isa = XCConfigurationList;
			buildConfigurations = (
				OBJ_451 /* Debug */,
				OBJ_452 /* Release */,
			);
			defaultConfigurationIsVisible = 0;
			defaultConfigurationName = Debug;
		};
/* End XCConfigurationList section */
	};
	rootObject = OBJ_1 /* Project object */;
}
